
Microsoft Visual Studio Solution File, Format Version 12.00
# Visual Studio Version 17
VisualStudioVersion = 17.0.31903.59
MinimumVisualStudioVersion = 10.0.40219.1
Project("{FAE04EC0-301F-11D3-BF4B-00C04F79EFBC}") = "Backend.Test", "Backend.Test\Backend.Test.csproj", "{468246FE-6F13-4871-8C61-0FD6997D3C64}"
EndProject
Project("{FAE04EC0-301F-11D3-BF4B-00C04F79EFBC}") = "Backend", "Backend\Backend.csproj", "{D2A6A9FD-9DDB-4E04-9D99-6AA15DE237E3}"
EndProject
Global
	GlobalSection(SolutionConfigurationPlatforms) = preSolution
		Debug|Any CPU = Debug|Any CPU
		Release|Any CPU = Release|Any CPU
	EndGlobalSection
	GlobalSection(SolutionProperties) = preSolution
		HideSolutionNode = FALSE
	EndGlobalSection
	GlobalSection(ProjectConfigurationPlatforms) = postSolution
		{468246FE-6F13-4871-8C61-0FD6997D3C64}.Debug|Any CPU.ActiveCfg = Debug|Any CPU
		{468246FE-6F13-4871-8C61-0FD6997D3C64}.Debug|Any CPU.Build.0 = Debug|Any CPU
		{468246FE-6F13-4871-8C61-0FD6997D3C64}.Release|Any CPU.ActiveCfg = Release|Any CPU
		{468246FE-6F13-4871-8C61-0FD6997D3C64}.Release|Any CPU.Build.0 = Release|Any CPU
		{D2A6A9FD-9DDB-4E04-9D99-6AA15DE237E3}.Debug|Any CPU.ActiveCfg = Debug|Any CPU
		{D2A6A9FD-9DDB-4E04-9D99-6AA15DE237E3}.Debug|Any CPU.Build.0 = Debug|Any CPU
		{D2A6A9FD-9DDB-4E04-9D99-6AA15DE237E3}.Release|Any CPU.ActiveCfg = Release|Any CPU
		{D2A6A9FD-9DDB-4E04-9D99-6AA15DE237E3}.Release|Any CPU.Build.0 = Release|Any CPU
	EndGlobalSection
EndGlobal
